<Solution>
  <Folder Name="/dev/">
    <Project Path="dev/Nila.DevServer.csproj" />
  </Folder>
  <Folder Name="/src/">
    <Project Path="src/Nila.csproj" />
  </Folder>
  <Folder Name="/tests/">
    <Project Path="tests/Nila.GoldenTests/Nila.GoldenTests.csproj" />
    <Project Path="tests/Nila.UnitTests/Nila.UnitTests.csproj" />
  </Folder>
</Solution>